// !$*UTF8*$!
{
	archiveVersion = 1;
	classes = {
	};
	objectVersion = 48;
	objects = {

/* Begin PBXBuildFile section */
		EF1CA0571F969ABF005CA599 /* ReadingsDataModel.swift in Sources */ = {isa = PBXBuildFile; fileRef = EF1CA0561F969ABF005CA599 /* ReadingsDataModel.swift */; };
		EF1CA0581F969ABF005CA599 /* ReadingsDataModel.swift in Sources */ = {isa = PBXBuildFile; fileRef = EF1CA0561F969ABF005CA599 /* ReadingsDataModel.swift */; };
		EF2462831F97C15D0021CF5E /* Assets.xcassets in Resources */ = {isa = PBXBuildFile; fileRef = EFE693DD1F871BF900B422A1 /* Assets.xcassets */; };
		EF616CFD1F8BD6D90098398B /* Main.storyboard in Resources */ = {isa = PBXBuildFile; fileRef = EFE693DA1F871BF900B422A1 /* Main.storyboard */; };
		EF8BEA7D1F8DB7DC000CC93B /* HealthKit.framework in Frameworks */ = {isa = PBXBuildFile; fileRef = EF8BEA7C1F8DB7DC000CC93B /* HealthKit.framework */; settings = {ATTRIBUTES = (Weak, ); }; };
		EF8BEA7F1F8DB7E5000CC93B /* HealthKitUI.framework in Frameworks */ = {isa = PBXBuildFile; fileRef = EF8BEA7E1F8DB7E5000CC93B /* HealthKitUI.framework */; settings = {ATTRIBUTES = (Weak, ); }; };
		EFC0D7DD1F980A6F00CA621B /* iPhone 7+ App Backdrop .png in Resources */ = {isa = PBXBuildFile; fileRef = EFC0D7DC1F980A6F00CA621B /* iPhone 7+ App Backdrop .png */; };
		EFC0D7DE1F980A6F00CA621B /* iPhone 7+ App Backdrop .png in Resources */ = {isa = PBXBuildFile; fileRef = EFC0D7DC1F980A6F00CA621B /* iPhone 7+ App Backdrop .png */; };
		EFE17C551F994BA000577A31 /* HealthKitIntegration .swift in Sources */ = {isa = PBXBuildFile; fileRef = EFE17C541F994BA000577A31 /* HealthKitIntegration .swift */; };
		EFE17C561F994BA000577A31 /* HealthKitIntegration .swift in Sources */ = {isa = PBXBuildFile; fileRef = EFE17C541F994BA000577A31 /* HealthKitIntegration .swift */; };
		EFE17C581F994FF300577A31 /* HealthKitSetupAssistant.swift in Sources */ = {isa = PBXBuildFile; fileRef = EFE17C571F994FF300577A31 /* HealthKitSetupAssistant.swift */; };
		EFE17C591F994FF300577A31 /* HealthKitSetupAssistant.swift in Sources */ = {isa = PBXBuildFile; fileRef = EFE17C571F994FF300577A31 /* HealthKitSetupAssistant.swift */; };
		EFE17C5B1F99540D00577A31 /* HealthStoreLink.swift in Sources */ = {isa = PBXBuildFile; fileRef = EFE17C5A1F99540D00577A31 /* HealthStoreLink.swift */; };
		EFE17C5C1F99540D00577A31 /* HealthStoreLink.swift in Sources */ = {isa = PBXBuildFile; fileRef = EFE17C5A1F99540D00577A31 /* HealthStoreLink.swift */; };
		EFE693D71F871BF900B422A1 /* AppDelegate.swift in Sources */ = {isa = PBXBuildFile; fileRef = EFE693D61F871BF900B422A1 /* AppDelegate.swift */; };
		EFE693D91F871BF900B422A1 /* ViewController.swift in Sources */ = {isa = PBXBuildFile; fileRef = EFE693D81F871BF900B422A1 /* ViewController.swift */; };
		EFE693DC1F871BF900B422A1 /* Main.storyboard in Resources */ = {isa = PBXBuildFile; fileRef = EFE693DA1F871BF900B422A1 /* Main.storyboard */; };
		EFE693DE1F871BF900B422A1 /* Assets.xcassets in Resources */ = {isa = PBXBuildFile; fileRef = EFE693DD1F871BF900B422A1 /* Assets.xcassets */; };
		EFE693E11F871BF900B422A1 /* LaunchScreen.storyboard in Resources */ = {isa = PBXBuildFile; fileRef = EFE693DF1F871BF900B422A1 /* LaunchScreen.storyboard */; };
		EFE693EC1F871BF900B422A1 /* Spot_On_SugarsTests.swift in Sources */ = {isa = PBXBuildFile; fileRef = EFE693EB1F871BF900B422A1 /* Spot_On_SugarsTests.swift */; };
/* End PBXBuildFile section */

/* Begin PBXContainerItemProxy section */
		EFE693E81F871BF900B422A1 /* PBXContainerItemProxy */ = {
			isa = PBXContainerItemProxy;
			containerPortal = EFE693CB1F871BF900B422A1 /* Project object */;
			proxyType = 1;
			remoteGlobalIDString = EFE693D21F871BF900B422A1;
			remoteInfo = "Spot On Sugars";
		};
/* End PBXContainerItemProxy section */

/* Begin PBXFileReference section */
		EF1CA0561F969ABF005CA599 /* ReadingsDataModel.swift */ = {isa = PBXFileReference; lastKnownFileType = sourcecode.swift; path = ReadingsDataModel.swift; sourceTree = "<group>"; };
		EF8BEA7C1F8DB7DC000CC93B /* HealthKit.framework */ = {isa = PBXFileReference; lastKnownFileType = wrapper.framework; name = HealthKit.framework; path = System/Library/Frameworks/HealthKit.framework; sourceTree = SDKROOT; };
		EF8BEA7E1F8DB7E5000CC93B /* HealthKitUI.framework */ = {isa = PBXFileReference; lastKnownFileType = wrapper.framework; name = HealthKitUI.framework; path = System/Library/Frameworks/HealthKitUI.framework; sourceTree = SDKROOT; };
		EFC0D7DC1F980A6F00CA621B /* iPhone 7+ App Backdrop .png */ = {isa = PBXFileReference; lastKnownFileType = image.png; path = "iPhone 7+ App Backdrop .png"; sourceTree = "<group>"; };
		EFC0D7E21F98467700CA621B /* SpotOn.entitlements */ = {isa = PBXFileReference; lastKnownFileType = text.plist.entitlements; path = SpotOn.entitlements; sourceTree = "<group>"; };
		EFE17C541F994BA000577A31 /* HealthKitIntegration .swift */ = {isa = PBXFileReference; lastKnownFileType = sourcecode.swift; path = "HealthKitIntegration .swift"; sourceTree = "<group>"; };
		EFE17C571F994FF300577A31 /* HealthKitSetupAssistant.swift */ = {isa = PBXFileReference; fileEncoding = 4; lastKnownFileType = sourcecode.swift; path = HealthKitSetupAssistant.swift; sourceTree = "<group>"; };
		EFE17C5A1F99540D00577A31 /* HealthStoreLink.swift */ = {isa = PBXFileReference; lastKnownFileType = sourcecode.swift; path = HealthStoreLink.swift; sourceTree = "<group>"; };
		EFE693D31F871BF900B422A1 /* SpotOn.app */ = {isa = PBXFileReference; explicitFileType = wrapper.application; includeInIndex = 0; path = SpotOn.app; sourceTree = BUILT_PRODUCTS_DIR; };
		EFE693D61F871BF900B422A1 /* AppDelegate.swift */ = {isa = PBXFileReference; lastKnownFileType = sourcecode.swift; path = AppDelegate.swift; sourceTree = "<group>"; };
		EFE693D81F871BF900B422A1 /* ViewController.swift */ = {isa = PBXFileReference; lastKnownFileType = sourcecode.swift; path = ViewController.swift; sourceTree = "<group>"; };
		EFE693DB1F871BF900B422A1 /* Base */ = {isa = PBXFileReference; lastKnownFileType = file.storyboard; name = Base; path = Base.lproj/Main.storyboard; sourceTree = "<group>"; };
		EFE693DD1F871BF900B422A1 /* Assets.xcassets */ = {isa = PBXFileReference; lastKnownFileType = folder.assetcatalog; name = Assets.xcassets; path = "Spot On Sugars/Assets.xcassets"; sourceTree = SOURCE_ROOT; };
		EFE693E01F871BF900B422A1 /* Base */ = {isa = PBXFileReference; lastKnownFileType = file.storyboard; name = Base; path = Base.lproj/LaunchScreen.storyboard; sourceTree = "<group>"; };
		EFE693E21F871BF900B422A1 /* Info.plist */ = {isa = PBXFileReference; lastKnownFileType = text.plist.xml; path = Info.plist; sourceTree = "<group>"; };
		EFE693E71F871BF900B422A1 /* SpotOnTests.xctest */ = {isa = PBXFileReference; explicitFileType = wrapper.cfbundle; includeInIndex = 0; path = SpotOnTests.xctest; sourceTree = BUILT_PRODUCTS_DIR; };
		EFE693EB1F871BF900B422A1 /* Spot_On_SugarsTests.swift */ = {isa = PBXFileReference; lastKnownFileType = sourcecode.swift; path = Spot_On_SugarsTests.swift; sourceTree = "<group>"; };
		EFE693ED1F871BF900B422A1 /* Info.plist */ = {isa = PBXFileReference; lastKnownFileType = text.plist.xml; path = Info.plist; sourceTree = "<group>"; };
/* End PBXFileReference section */

/* Begin PBXFrameworksBuildPhase section */
		EFE693D01F871BF900B422A1 /* Frameworks */ = {
			isa = PBXFrameworksBuildPhase;
			buildActionMask = 2147483647;
			files = (
				EF8BEA7F1F8DB7E5000CC93B /* HealthKitUI.framework in Frameworks */,
				EF8BEA7D1F8DB7DC000CC93B /* HealthKit.framework in Frameworks */,
			);
			runOnlyForDeploymentPostprocessing = 0;
		};
		EFE693E41F871BF900B422A1 /* Frameworks */ = {
			isa = PBXFrameworksBuildPhase;
			buildActionMask = 2147483647;
			files = (
			);
			runOnlyForDeploymentPostprocessing = 0;
		};
/* End PBXFrameworksBuildPhase section */

/* Begin PBXGroup section */
		EF8BEA7B1F8DB7DC000CC93B /* Frameworks */ = {
			isa = PBXGroup;
			children = (
				EF8BEA7E1F8DB7E5000CC93B /* HealthKitUI.framework */,
				EF8BEA7C1F8DB7DC000CC93B /* HealthKit.framework */,
			);
			name = Frameworks;
			sourceTree = "<group>";
		};
		EFE693CA1F871BF900B422A1 = {
			isa = PBXGroup;
			children = (
				EFC0D7E21F98467700CA621B /* SpotOn.entitlements */,
				EFE693D51F871BF900B422A1 /* Spot On Sugars */,
				EFE693EA1F871BF900B422A1 /* Spot On SugarsTests */,
				EFE693D41F871BF900B422A1 /* Products */,
				EF8BEA7B1F8DB7DC000CC93B /* Frameworks */,
			);
			sourceTree = "<group>";
		};
		EFE693D41F871BF900B422A1 /* Products */ = {
			isa = PBXGroup;
			children = (
				EFE693D31F871BF900B422A1 /* SpotOn.app */,
				EFE693E71F871BF900B422A1 /* SpotOnTests.xctest */,
			);
			name = Products;
			sourceTree = "<group>";
		};
		EFE693D51F871BF900B422A1 /* Spot On Sugars */ = {
			isa = PBXGroup;
			children = (
				EFE693D61F871BF900B422A1 /* AppDelegate.swift */,
				EFE693D81F871BF900B422A1 /* ViewController.swift */,
				EFE693DA1F871BF900B422A1 /* Main.storyboard */,
				EFE17C5A1F99540D00577A31 /* HealthStoreLink.swift */,
				EFC0D7DC1F980A6F00CA621B /* iPhone 7+ App Backdrop .png */,
				EF1CA0561F969ABF005CA599 /* ReadingsDataModel.swift */,
				EFE17C571F994FF300577A31 /* HealthKitSetupAssistant.swift */,
				EFE17C541F994BA000577A31 /* HealthKitIntegration .swift */,
				EFE693DD1F871BF900B422A1 /* Assets.xcassets */,
				EFE693DF1F871BF900B422A1 /* LaunchScreen.storyboard */,
				EFE693E21F871BF900B422A1 /* Info.plist */,
			);
			path = "Spot On Sugars";
			sourceTree = "<group>";
		};
		EFE693EA1F871BF900B422A1 /* Spot On SugarsTests */ = {
			isa = PBXGroup;
			children = (
				EFE693EB1F871BF900B422A1 /* Spot_On_SugarsTests.swift */,
				EFE693ED1F871BF900B422A1 /* Info.plist */,
			);
			path = "Spot On SugarsTests";
			sourceTree = "<group>";
		};
/* End PBXGroup section */

/* Begin PBXNativeTarget section */
		EFE693D21F871BF900B422A1 /* SpotOn */ = {
			isa = PBXNativeTarget;
			buildConfigurationList = EFE693F01F871BF900B422A1 /* Build configuration list for PBXNativeTarget "SpotOn" */;
			buildPhases = (
				EFE693CF1F871BF900B422A1 /* Sources */,
				EFE693D01F871BF900B422A1 /* Frameworks */,
				EFE693D11F871BF900B422A1 /* Resources */,
			);
			buildRules = (
			);
			dependencies = (
			);
			name = SpotOn;
			productName = "Spot On Sugars";
			productReference = EFE693D31F871BF900B422A1 /* SpotOn.app */;
			productType = "com.apple.product-type.application";
		};
		EFE693E61F871BF900B422A1 /* SpotOnTests */ = {
			isa = PBXNativeTarget;
			buildConfigurationList = EFE693F31F871BF900B422A1 /* Build configuration list for PBXNativeTarget "SpotOnTests" */;
			buildPhases = (
				EFE693E31F871BF900B422A1 /* Sources */,
				EFE693E41F871BF900B422A1 /* Frameworks */,
				EFE693E51F871BF900B422A1 /* Resources */,
			);
			buildRules = (
			);
			dependencies = (
				EFE693E91F871BF900B422A1 /* PBXTargetDependency */,
			);
			name = SpotOnTests;
			productName = "Spot On SugarsTests";
			productReference = EFE693E71F871BF900B422A1 /* SpotOnTests.xctest */;
			productType = "com.apple.product-type.bundle.unit-test";
		};
/* End PBXNativeTarget section */

/* Begin PBXProject section */
		EFE693CB1F871BF900B422A1 /* Project object */ = {
			isa = PBXProject;
			attributes = {
				LastSwiftUpdateCheck = 0900;
				LastUpgradeCheck = 0900;
				ORGANIZATIONNAME = "Lucas Fewer II";
				TargetAttributes = {
					EFE693D21F871BF900B422A1 = {
						CreatedOnToolsVersion = 9.0;
						ProvisioningStyle = Automatic;
						SystemCapabilities = {
							com.apple.HealthKit = {
								enabled = 1;
							};
						};
					};
					EFE693E61F871BF900B422A1 = {
						CreatedOnToolsVersion = 9.0;
						ProvisioningStyle = Automatic;
						TestTargetID = EFE693D21F871BF900B422A1;
					};
				};
			};
			buildConfigurationList = EFE693CE1F871BF900B422A1 /* Build configuration list for PBXProject "SpotOn" */;
			compatibilityVersion = "Xcode 8.0";
			developmentRegion = en;
			hasScannedForEncodings = 0;
			knownRegions = (
				en,
				Base,
			);
			mainGroup = EFE693CA1F871BF900B422A1;
			productRefGroup = EFE693D41F871BF900B422A1 /* Products */;
			projectDirPath = "";
			projectRoot = "";
			targets = (
				EFE693D21F871BF900B422A1 /* SpotOn */,
				EFE693E61F871BF900B422A1 /* SpotOnTests */,
			);
		};
/* End PBXProject section */

/* Begin PBXResourcesBuildPhase section */
		EFE693D11F871BF900B422A1 /* Resources */ = {
			isa = PBXResourcesBuildPhase;
			buildActionMask = 2147483647;
			files = (
				EFE693E11F871BF900B422A1 /* LaunchScreen.storyboard in Resources */,
				EFE693DE1F871BF900B422A1 /* Assets.xcassets in Resources */,
				EFC0D7DD1F980A6F00CA621B /* iPhone 7+ App Backdrop .png in Resources */,
				EFE693DC1F871BF900B422A1 /* Main.storyboard in Resources */,
			);
			runOnlyForDeploymentPostprocessing = 0;
		};
		EFE693E51F871BF900B422A1 /* Resources */ = {
			isa = PBXResourcesBuildPhase;
			buildActionMask = 2147483647;
			files = (
				EFC0D7DE1F980A6F00CA621B /* iPhone 7+ App Backdrop .png in Resources */,
				EF616CFD1F8BD6D90098398B /* Main.storyboard in Resources */,
				EF2462831F97C15D0021CF5E /* Assets.xcassets in Resources */,
			);
			runOnlyForDeploymentPostprocessing = 0;
		};
/* End PBXResourcesBuildPhase section */

/* Begin PBXSourcesBuildPhase section */
		EFE693CF1F871BF900B422A1 /* Sources */ = {
			isa = PBXSourcesBuildPhase;
			buildActionMask = 2147483647;
			files = (
				EFE17C551F994BA000577A31 /* HealthKitIntegration .swift in Sources */,
				EFE17C5B1F99540D00577A31 /* HealthStoreLink.swift in Sources */,
				EFE693D91F871BF900B422A1 /* ViewController.swift in Sources */,
				EF1CA0571F969ABF005CA599 /* ReadingsDataModel.swift in Sources */,
				EFE693D71F871BF900B422A1 /* AppDelegate.swift in Sources */,
				EFE17C581F994FF300577A31 /* HealthKitSetupAssistant.swift in Sources */,
			);
			runOnlyForDeploymentPostprocessing = 0;
		};
		EFE693E31F871BF900B422A1 /* Sources */ = {
			isa = PBXSourcesBuildPhase;
			buildActionMask = 2147483647;
			files = (
				EFE17C5C1F99540D00577A31 /* HealthStoreLink.swift in Sources */,
				EF1CA0581F969ABF005CA599 /* ReadingsDataModel.swift in Sources */,
				EFE17C591F994FF300577A31 /* HealthKitSetupAssistant.swift in Sources */,
				EFE17C561F994BA000577A31 /* HealthKitIntegration .swift in Sources */,
				EFE693EC1F871BF900B422A1 /* Spot_On_SugarsTests.swift in Sources */,
			);
			runOnlyForDeploymentPostprocessing = 0;
		};
/* End PBXSourcesBuildPhase section */

/* Begin PBXTargetDependency section */
		EFE693E91F871BF900B422A1 /* PBXTargetDependency */ = {
			isa = PBXTargetDependency;
			target = EFE693D21F871BF900B422A1 /* SpotOn */;
			targetProxy = EFE693E81F871BF900B422A1 /* PBXContainerItemProxy */;
		};
/* End PBXTargetDependency section */

/* Begin PBXVariantGroup section */
		EFE693DA1F871BF900B422A1 /* Main.storyboard */ = {
			isa = PBXVariantGroup;
			children = (
				EFE693DB1F871BF900B422A1 /* Base */,
			);
			name = Main.storyboard;
			sourceTree = "<group>";
		};
		EFE693DF1F871BF900B422A1 /* LaunchScreen.storyboard */ = {
			isa = PBXVariantGroup;
			children = (
				EFE693E01F871BF900B422A1 /* Base */,
			);
			name = LaunchScreen.storyboard;
			sourceTree = "<group>";
		};
/* End PBXVariantGroup section */

/* Begin XCBuildConfiguration section */
		EFE693EE1F871BF900B422A1 /* Debug */ = {
			isa = XCBuildConfiguration;
			buildSettings = {
				ALWAYS_SEARCH_USER_PATHS = NO;
				CLANG_ANALYZER_NONNULL = YES;
				CLANG_ANALYZER_NUMBER_OBJECT_CONVERSION = YES_AGGRESSIVE;
				CLANG_CXX_LANGUAGE_STANDARD = "gnu++14";
				CLANG_CXX_LIBRARY = "libc++";
				CLANG_ENABLE_MODULES = YES;
				CLANG_ENABLE_OBJC_ARC = YES;
				CLANG_WARN_BLOCK_CAPTURE_AUTORELEASING = YES;
				CLANG_WARN_BOOL_CONVERSION = YES;
				CLANG_WARN_COMMA = YES;
				CLANG_WARN_CONSTANT_CONVERSION = YES;
				CLANG_WARN_DIRECT_OBJC_ISA_USAGE = YES_ERROR;
				CLANG_WARN_DOCUMENTATION_COMMENTS = YES;
				CLANG_WARN_EMPTY_BODY = YES;
				CLANG_WARN_ENUM_CONVERSION = YES;
				CLANG_WARN_INFINITE_RECURSION = YES;
				CLANG_WARN_INT_CONVERSION = YES;
				CLANG_WARN_NON_LITERAL_NULL_CONVERSION = YES;
				CLANG_WARN_OBJC_LITERAL_CONVERSION = YES;
				CLANG_WARN_OBJC_ROOT_CLASS = YES_ERROR;
				CLANG_WARN_RANGE_LOOP_ANALYSIS = YES;
				CLANG_WARN_STRICT_PROTOTYPES = YES;
				CLANG_WARN_SUSPICIOUS_MOVE = YES;
				CLANG_WARN_UNGUARDED_AVAILABILITY = YES_AGGRESSIVE;
				CLANG_WARN_UNREACHABLE_CODE = YES;
				CLANG_WARN__DUPLICATE_METHOD_MATCH = YES;
				CODE_SIGN_IDENTITY = "iPhone Developer";
				COPY_PHASE_STRIP = NO;
				DEBUG_INFORMATION_FORMAT = dwarf;
				ENABLE_STRICT_OBJC_MSGSEND = YES;
				ENABLE_TESTABILITY = YES;
				GCC_C_LANGUAGE_STANDARD = gnu11;
				GCC_DYNAMIC_NO_PIC = NO;
				GCC_NO_COMMON_BLOCKS = YES;
				GCC_OPTIMIZATION_LEVEL = 0;
				GCC_PREPROCESSOR_DEFINITIONS = (
					"DEBUG=1",
					"$(inherited)",
				);
				GCC_WARN_64_TO_32_BIT_CONVERSION = YES;
				GCC_WARN_ABOUT_RETURN_TYPE = YES_ERROR;
				GCC_WARN_UNDECLARED_SELECTOR = YES;
				GCC_WARN_UNINITIALIZED_AUTOS = YES_AGGRESSIVE;
				GCC_WARN_UNUSED_FUNCTION = YES;
				GCC_WARN_UNUSED_VARIABLE = YES;
				IPHONEOS_DEPLOYMENT_TARGET = 11.0;
				MTL_ENABLE_DEBUG_INFO = YES;
				ONLY_ACTIVE_ARCH = YES;
				SDKROOT = iphoneos;
				SWIFT_ACTIVE_COMPILATION_CONDITIONS = DEBUG;
				SWIFT_OPTIMIZATION_LEVEL = "-Onone";
			};
			name = Debug;
		};
		EFE693EF1F871BF900B422A1 /* Release */ = {
			isa = XCBuildConfiguration;
			buildSettings = {
				ALWAYS_SEARCH_USER_PATHS = NO;
				CLANG_ANALYZER_NONNULL = YES;
				CLANG_ANALYZER_NUMBER_OBJECT_CONVERSION = YES_AGGRESSIVE;
				CLANG_CXX_LANGUAGE_STANDARD = "gnu++14";
				CLANG_CXX_LIBRARY = "libc++";
				CLANG_ENABLE_MODULES = YES;
				CLANG_ENABLE_OBJC_ARC = YES;
				CLANG_WARN_BLOCK_CAPTURE_AUTORELEASING = YES;
				CLANG_WARN_BOOL_CONVERSION = YES;
				CLANG_WARN_COMMA = YES;
				CLANG_WARN_CONSTANT_CONVERSION = YES;
				CLANG_WARN_DIRECT_OBJC_ISA_USAGE = YES_ERROR;
				CLANG_WARN_DOCUMENTATION_COMMENTS = YES;
				CLANG_WARN_EMPTY_BODY = YES;
				CLANG_WARN_ENUM_CONVERSION = YES;
				CLANG_WARN_INFINITE_RECURSION = YES;
				CLANG_WARN_INT_CONVERSION = YES;
				CLANG_WARN_NON_LITERAL_NULL_CONVERSION = YES;
				CLANG_WARN_OBJC_LITERAL_CONVERSION = YES;
				CLANG_WARN_OBJC_ROOT_CLASS = YES_ERROR;
				CLANG_WARN_RANGE_LOOP_ANALYSIS = YES;
				CLANG_WARN_STRICT_PROTOTYPES = YES;
				CLANG_WARN_SUSPICIOUS_MOVE = YES;
				CLANG_WARN_UNGUARDED_AVAILABILITY = YES_AGGRESSIVE;
				CLANG_WARN_UNREACHABLE_CODE = YES;
				CLANG_WARN__DUPLICATE_METHOD_MATCH = YES;
				CODE_SIGN_IDENTITY = "iPhone Developer";
				COPY_PHASE_STRIP = NO;
				DEBUG_INFORMATION_FORMAT = "dwarf-with-dsym";
				ENABLE_NS_ASSERTIONS = NO;
				ENABLE_STRICT_OBJC_MSGSEND = YES;
				GCC_C_LANGUAGE_STANDARD = gnu11;
				GCC_NO_COMMON_BLOCKS = YES;
				GCC_WARN_64_TO_32_BIT_CONVERSION = YES;
				GCC_WARN_ABOUT_RETURN_TYPE = YES_ERROR;
				GCC_WARN_UNDECLARED_SELECTOR = YES;
				GCC_WARN_UNINITIALIZED_AUTOS = YES_AGGRESSIVE;
				GCC_WARN_UNUSED_FUNCTION = YES;
				GCC_WARN_UNUSED_VARIABLE = YES;
				IPHONEOS_DEPLOYMENT_TARGET = 11.0;
				MTL_ENABLE_DEBUG_INFO = NO;
				SDKROOT = iphoneos;
				SWIFT_OPTIMIZATION_LEVEL = "-Owholemodule";
				VALIDATE_PRODUCT = YES;
			};
			name = Release;
		};
		EFE693F11F871BF900B422A1 /* Debug */ = {
			isa = XCBuildConfiguration;
			buildSettings = {
				ASSETCATALOG_COMPILER_APPICON_NAME = AppIcon;
				CODE_SIGN_ENTITLEMENTS = SpotOn.entitlements;
				CODE_SIGN_STYLE = Automatic;
				DEVELOPMENT_TEAM = WHB2DP7597;
				INFOPLIST_FILE = "Spot On Sugars/Info.plist";
				IPHONEOS_DEPLOYMENT_TARGET = 11.0;
				LD_RUNPATH_SEARCH_PATHS = "$(inherited) @executable_path/Frameworks";
				PRODUCT_BUNDLE_IDENTIFIER = "com.example.Spot-On-Sugars";
				PRODUCT_NAME = "$(TARGET_NAME)";
				SWIFT_VERSION = 4.0;
				TARGETED_DEVICE_FAMILY = "1,2";
			};
			name = Debug;
		};
		EFE693F21F871BF900B422A1 /* Release */ = {
			isa = XCBuildConfiguration;
			buildSettings = {
				ASSETCATALOG_COMPILER_APPICON_NAME = AppIcon;
				CODE_SIGN_ENTITLEMENTS = SpotOn.entitlements;
				CODE_SIGN_STYLE = Automatic;
				DEVELOPMENT_TEAM = WHB2DP7597;
				INFOPLIST_FILE = "Spot On Sugars/Info.plist";
				IPHONEOS_DEPLOYMENT_TARGET = 11.0;
				LD_RUNPATH_SEARCH_PATHS = "$(inherited) @executable_path/Frameworks";
				PRODUCT_BUNDLE_IDENTIFIER = "com.example.Spot-On-Sugars";
				PRODUCT_NAME = "$(TARGET_NAME)";
				SWIFT_VERSION = 4.0;
				TARGETED_DEVICE_FAMILY = "1,2";
			};
			name = Release;
		};
		EFE693F41F871BF900B422A1 /* Debug */ = {
			isa = XCBuildConfiguration;
			buildSettings = {
				ALWAYS_EMBED_SWIFT_STANDARD_LIBRARIES = YES;
				BUNDLE_LOADER = "$(TEST_HOST)";
				CODE_SIGN_STYLE = Automatic;
				DEVELOPMENT_TEAM = WHB2DP7597;
				INFOPLIST_FILE = "Spot On SugarsTests/Info.plist";
				LD_RUNPATH_SEARCH_PATHS = "$(inherited) @executable_path/Frameworks @loader_path/Frameworks";
				PRODUCT_BUNDLE_IDENTIFIER = "com.example.Spot-On-SugarsTests";
				PRODUCT_NAME = "$(TARGET_NAME)";
				SWIFT_VERSION = 4.0;
				TARGETED_DEVICE_FAMILY = "1,2";
				TEST_HOST = "$(BUILT_PRODUCTS_DIR)/SpotOn.app/SpotOn";
			};
			name = Debug;
		};
		EFE693F51F871BF900B422A1 /* Release */ = {
			isa = XCBuildConfiguration;
			buildSettings = {
				ALWAYS_EMBED_SWIFT_STANDARD_LIBRARIES = YES;
				BUNDLE_LOADER = "$(TEST_HOST)";
				CODE_SIGN_STYLE = Automatic;
				DEVELOPMENT_TEAM = WHB2DP7597;
				INFOPLIST_FILE = "Spot On SugarsTests/Info.plist";
				LD_RUNPATH_SEARCH_PATHS = "$(inherited) @executable_path/Frameworks @loader_path/Frameworks";
				PRODUCT_BUNDLE_IDENTIFIER = "com.example.Spot-On-SugarsTests";
				PRODUCT_NAME = "$(TARGET_NAME)";
				SWIFT_VERSION = 4.0;
				TARGETED_DEVICE_FAMILY = "1,2";
				TEST_HOST = "$(BUILT_PRODUCTS_DIR)/SpotOn.app/SpotOn";
			};
			name = Release;
		};
/* End XCBuildConfiguration section */

/* Begin XCConfigurationList section */
		EFE693CE1F871BF900B422A1 /* Build configuration list for PBXProject "SpotOn" */ = {
			isa = XCConfigurationList;
			buildConfigurations = (
				EFE693EE1F871BF900B422A1 /* Debug */,
				EFE693EF1F871BF900B422A1 /* Release */,
			);
			defaultConfigurationIsVisible = 0;
			defaultConfigurationName = Release;
		};
		EFE693F01F871BF900B422A1 /* Build configuration list for PBXNativeTarget "SpotOn" */ = {
			isa = XCConfigurationList;
			buildConfigurations = (
				EFE693F11F871BF900B422A1 /* Debug */,
				EFE693F21F871BF900B422A1 /* Release */,
			);
			defaultConfigurationIsVisible = 0;
			defaultConfigurationName = Release;
		};
		EFE693F31F871BF900B422A1 /* Build configuration list for PBXNativeTarget "SpotOnTests" */ = {
			isa = XCConfigurationList;
			buildConfigurations = (
				EFE693F41F871BF900B422A1 /* Debug */,
				EFE693F51F871BF900B422A1 /* Release */,
			);
			defaultConfigurationIsVisible = 0;
			defaultConfigurationName = Release;
		};
/* End XCConfigurationList section */
	};
	rootObject = EFE693CB1F871BF900B422A1 /* Project object */;
}
